
Microsoft Visual Studio Solution File, Format Version 12.00
# Visual Studio 2013
VisualStudioVersion = 12.0.30501.0
MinimumVisualStudioVersion = 10.0.40219.1
Project("{FAE04EC0-301F-11D3-BF4B-00C04F79EFBC}") = "GaugeBox", "GaugeBox\GaugeBox.csproj", "{0814EED1-326D-4F97-A401-4E745EE384A4}"
EndProject
Project("{FAE04EC0-301F-11D3-BF4B-00C04F79EFBC}") = "Gauges", "Gauges\Gauges.csproj", "{9221EE08-4EF8-4FE0-8FFA-DE7B5F8FAC98}"
EndProject
Global
	GlobalSection(SolutionConfigurationPlatforms) = preSolution
		Debug|Any CPU = Debug|Any CPU
		Release|Any CPU = Release|Any CPU
	EndGlobalSection
	GlobalSection(ProjectConfigurationPlatforms) = postSolution
		{0814EED1-326D-4F97-A401-4E745EE384A4}.Debug|Any CPU.ActiveCfg = Debug|Any CPU
		{0814EED1-326D-4F97-A401-4E745EE384A4}.Debug|Any CPU.Build.0 = Debug|Any CPU
		{0814EED1-326D-4F97-A401-4E745EE384A4}.Release|Any CPU.ActiveCfg = Release|Any CPU
		{0814EED1-326D-4F97-A401-4E745EE384A4}.Release|Any CPU.Build.0 = Release|Any CPU
		{9221EE08-4EF8-4FE0-8FFA-DE7B5F8FAC98}.Debug|Any CPU.ActiveCfg = Debug|Any CPU
		{9221EE08-4EF8-4FE0-8FFA-DE7B5F8FAC98}.Debug|Any CPU.Build.0 = Debug|Any CPU
		{9221EE08-4EF8-4FE0-8FFA-DE7B5F8FAC98}.Release|Any CPU.ActiveCfg = Release|Any CPU
		{9221EE08-4EF8-4FE0-8FFA-DE7B5F8FAC98}.Release|Any CPU.Build.0 = Release|Any CPU
	EndGlobalSection
	GlobalSection(SolutionProperties) = preSolution
		HideSolutionNode = FALSE
	EndGlobalSection
EndGlobal
